
Microsoft Visual Studio Solution File, Format Version 12.00
# Visual Studio Version 17
VisualStudioVersion = 17.8.34525.116
MinimumVisualStudioVersion = 10.0.40219.1
Project("{8BC9CEB8-8B4A-11D0-8D11-00A0C91BC942}") = "ConsoleApplication2", "ConsoleApplication2\ConsoleApplication2.vcxproj", "{3E104132-7999-4C27-9245-0C7046405E8B}"
EndProject
Global
	GlobalSection(SolutionConfigurationPlatforms) = preSolution
		Debug|x64 = Debug|x64
		Debug|x86 = Debug|x86
		Release|x64 = Release|x64
		Release|x86 = Release|x86
	EndGlobalSection
	GlobalSection(ProjectConfigurationPlatforms) = postSolution
		{3E104132-7999-4C27-9245-0C7046405E8B}.Debug|x64.ActiveCfg = Debug|x64
		{3E104132-7999-4C27-9245-0C7046405E8B}.Debug|x64.Build.0 = Debug|x64
		{3E104132-7999-4C27-9245-0C7046405E8B}.Debug|x86.ActiveCfg = Debug|Win32
		{3E104132-7999-4C27-9245-0C7046405E8B}.Debug|x86.Build.0 = Debug|Win32
		{3E104132-7999-4C27-9245-0C7046405E8B}.Release|x64.ActiveCfg = Release|x64
		{3E104132-7999-4C27-9245-0C7046405E8B}.Release|x64.Build.0 = Release|x64
		{3E104132-7999-4C27-9245-0C7046405E8B}.Release|x86.ActiveCfg = Release|Win32
		{3E104132-7999-4C27-9245-0C7046405E8B}.Release|x86.Build.0 = Release|Win32
	EndGlobalSection
	GlobalSection(SolutionProperties) = preSolution
		HideSolutionNode = FALSE
	EndGlobalSection
	GlobalSection(ExtensibilityGlobals) = postSolution
		SolutionGuid = {F5E53768-5260-425E-9CC8-C0A135CD5A3C}
	EndGlobalSection
EndGlobal
